
Microsoft Visual Studio Solution File, Format Version 9.00
# Visual Studio 2005
Project("{8BC9CEB8-8B4A-11D0-8D11-00A0C91BC942}") = "example", "example.vcproj", "{9D788CF2-612B-4786-9E11-A46E1C9ECC9D}"
	ProjectSection(ProjectDependencies) = postProject
		{195C0997-3425-4941-A26D-392FD1F10140} = {195C0997-3425-4941-A26D-392FD1F10140}
	EndProjectSection
EndProject
Project("{8BC9CEB8-8B4A-11D0-8D11-00A0C91BC942}") = "minigzip", "minigzip.vcproj", "{F410CBB4-86BB-469F-BA9C-C49B4DAB00BA}"
	ProjectSection(ProjectDependencies) = postProject
		{195C0997-3425-4941-A26D-392FD1F10140} = {195C0997-3425-4941-A26D-392FD1F10140}
	EndProjectSection
EndProject
Project("{8BC9CEB8-8B4A-11D0-8D11-00A0C91BC942}") = "zlib", "zlib.vcproj", "{195C0997-3425-4941-A26D-392FD1F10140}"
EndProject
Global
	GlobalSection(SolutionConfigurationPlatforms) = preSolution
		DLL ASM Debug|Win32 = DLL ASM Debug|Win32
		DLL ASM Release|Win32 = DLL ASM Release|Win32
		DLL Debug|Win32 = DLL Debug|Win32
		DLL Release|Win32 = DLL Release|Win32
		LIB ASM Debug|Win32 = LIB ASM Debug|Win32
		LIB ASM Release|Win32 = LIB ASM Release|Win32
		LIB Debug|Win32 = LIB Debug|Win32
		LIB Release|Win32 = LIB Release|Win32
	EndGlobalSection
	GlobalSection(ProjectConfigurationPlatforms) = postSolution
		{9D788CF2-612B-4786-9E11-A46E1C9ECC9D}.DLL ASM Debug|Win32.ActiveCfg = DLL ASM Debug|Win32
		{9D788CF2-612B-4786-9E11-A46E1C9ECC9D}.DLL ASM Debug|Win32.Build.0 = DLL ASM Debug|Win32
		{9D788CF2-612B-4786-9E11-A46E1C9ECC9D}.DLL ASM Release|Win32.ActiveCfg = DLL ASM Release|Win32
		{9D788CF2-612B-4786-9E11-A46E1C9ECC9D}.DLL ASM Release|Win32.Build.0 = DLL ASM Release|Win32
		{9D788CF2-612B-4786-9E11-A46E1C9ECC9D}.DLL Debug|Win32.ActiveCfg = DLL Debug|Win32
		{9D788CF2-612B-4786-9E11-A46E1C9ECC9D}.DLL Debug|Win32.Build.0 = DLL Debug|Win32
		{9D788CF2-612B-4786-9E11-A46E1C9ECC9D}.DLL Release|Win32.ActiveCfg = DLL Release|Win32
		{9D788CF2-612B-4786-9E11-A46E1C9ECC9D}.DLL Release|Win32.Build.0 = DLL Release|Win32
		{9D788CF2-612B-4786-9E11-A46E1C9ECC9D}.LIB ASM Debug|Win32.ActiveCfg = LIB ASM Debug|Win32
		{9D788CF2-612B-4786-9E11-A46E1C9ECC9D}.LIB ASM Debug|Win32.Build.0 = LIB ASM Debug|Win32
		{9D788CF2-612B-4786-9E11-A46E1C9ECC9D}.LIB ASM Release|Win32.ActiveCfg = LIB ASM Release|Win32
		{9D788CF2-612B-4786-9E11-A46E1C9ECC9D}.LIB ASM Release|Win32.Build.0 = LIB ASM Release|Win32
		{9D788CF2-612B-4786-9E11-A46E1C9ECC9D}.LIB Debug|Win32.ActiveCfg = LIB Debug|Win32
		{9D788CF2-612B-4786-9E11-A46E1C9ECC9D}.LIB Debug|Win32.Build.0 = LIB Debug|Win32
		{9D788CF2-612B-4786-9E11-A46E1C9ECC9D}.LIB Release|Win32.ActiveCfg = LIB Release|Win32
		{9D788CF2-612B-4786-9E11-A46E1C9ECC9D}.LIB Release|Win32.Build.0 = LIB Release|Win32
		{F410CBB4-86BB-469F-BA9C-C49B4DAB00BA}.DLL ASM Debug|Win32.ActiveCfg = DLL ASM Debug|Win32
		{F410CBB4-86BB-469F-BA9C-C49B4DAB00BA}.DLL ASM Debug|Win32.Build.0 = DLL ASM Debug|Win32
		{F410CBB4-86BB-469F-BA9C-C49B4DAB00BA}.DLL ASM Release|Win32.ActiveCfg = DLL ASM Release|Win32
		{F410CBB4-86BB-469F-BA9C-C49B4DAB00BA}.DLL ASM Release|Win32.Build.0 = DLL ASM Release|Win32
		{F410CBB4-86BB-469F-BA9C-C49B4DAB00BA}.DLL Debug|Win32.ActiveCfg = DLL Debug|Win32
		{F410CBB4-86BB-469F-BA9C-C49B4DAB00BA}.DLL Debug|Win32.Build.0 = DLL Debug|Win32
		{F410CBB4-86BB-469F-BA9C-C49B4DAB00BA}.DLL Release|Win32.ActiveCfg = DLL Release|Win32
		{F410CBB4-86BB-469F-BA9C-C49B4DAB00BA}.DLL Release|Win32.Build.0 = DLL Release|Win32
		{F410CBB4-86BB-469F-BA9C-C49B4DAB00BA}.LIB ASM Debug|Win32.ActiveCfg = LIB ASM Debug|Win32
		{F410CBB4-86BB-469F-BA9C-C49B4DAB00BA}.LIB ASM Debug|Win32.Build.0 = LIB ASM Debug|Win32
		{F410CBB4-86BB-469F-BA9C-C49B4DAB00BA}.LIB ASM Release|Win32.ActiveCfg = LIB ASM Release|Win32
		{F410CBB4-86BB-469F-BA9C-C49B4DAB00BA}.LIB ASM Release|Win32.Build.0 = LIB ASM Release|Win32
		{F410CBB4-86BB-469F-BA9C-C49B4DAB00BA}.LIB Debug|Win32.ActiveCfg = LIB Debug|Win32
		{F410CBB4-86BB-469F-BA9C-C49B4DAB00BA}.LIB Debug|Win32.Build.0 = LIB Debug|Win32
		{F410CBB4-86BB-469F-BA9C-C49B4DAB00BA}.LIB Release|Win32.ActiveCfg = LIB Release|Win32
		{F410CBB4-86BB-469F-BA9C-C49B4DAB00BA}.LIB Release|Win32.Build.0 = LIB Release|Win32
		{195C0997-3425-4941-A26D-392FD1F10140}.DLL ASM Debug|Win32.ActiveCfg = DLL ASM Debug|Win32
		{195C0997-3425-4941-A26D-392FD1F10140}.DLL ASM Debug|Win32.Build.0 = DLL ASM Debug|Win32
		{195C0997-3425-4941-A26D-392FD1F10140}.DLL ASM Release|Win32.ActiveCfg = DLL ASM Release|Win32
		{195C0997-3425-4941-A26D-392FD1F10140}.DLL ASM Release|Win32.Build.0 = DLL ASM Release|Win32
		{195C0997-3425-4941-A26D-392FD1F10140}.DLL Debug|Win32.ActiveCfg = DLL Debug|Win32
		{195C0997-3425-4941-A26D-392FD1F10140}.DLL Debug|Win32.Build.0 = DLL Debug|Win32
		{195C0997-3425-4941-A26D-392FD1F10140}.DLL Release|Win32.ActiveCfg = DLL Release|Win32
		{195C0997-3425-4941-A26D-392FD1F10140}.DLL Release|Win32.Build.0 = DLL Release|Win32
		{195C0997-3425-4941-A26D-392FD1F10140}.LIB ASM Debug|Win32.ActiveCfg = LIB ASM Debug|Win32
		{195C0997-3425-4941-A26D-392FD1F10140}.LIB ASM Debug|Win32.Build.0 = LIB ASM Debug|Win32
		{195C0997-3425-4941-A26D-392FD1F10140}.LIB ASM Release|Win32.ActiveCfg = LIB ASM Release|Win32
		{195C0997-3425-4941-A26D-392FD1F10140}.LIB ASM Release|Win32.Build.0 = LIB ASM Release|Win32
		{195C0997-3425-4941-A26D-392FD1F10140}.LIB Debug|Win32.ActiveCfg = LIB Debug|Win32
		{195C0997-3425-4941-A26D-392FD1F10140}.LIB Debug|Win32.Build.0 = LIB Debug|Win32
		{195C0997-3425-4941-A26D-392FD1F10140}.LIB Release|Win32.ActiveCfg = LIB Release|Win32
		{195C0997-3425-4941-A26D-392FD1F10140}.LIB Release|Win32.Build.0 = LIB Release|Win32
	EndGlobalSection
	GlobalSection(SolutionProperties) = preSolution
		HideSolutionNode = FALSE
	EndGlobalSection
EndGlobal
